
Microsoft Visual Studio Solution File, Format Version 12.00
# Visual Studio Version 16
VisualStudioVersion = 16.0.30225.117
MinimumVisualStudioVersion = 10.0.40219.1
Project("{FAE04EC0-301F-11D3-BF4B-00C04F79EFBC}") = "VapeShop", "VapeShop.csproj", "{026D277D-2673-4347-A3BC-43C9EFB9288F}"
EndProject
Global
	GlobalSection(SolutionConfigurationPlatforms) = preSolution
		Debug|Any CPU = Debug|Any CPU
		Release|Any CPU = Release|Any CPU
	EndGlobalSection
	GlobalSection(ProjectConfigurationPlatforms) = postSolution
		{026D277D-2673-4347-A3BC-43C9EFB9288F}.Debug|Any CPU.ActiveCfg = Debug|Any CPU
		{026D277D-2673-4347-A3BC-43C9EFB9288F}.Debug|Any CPU.Build.0 = Debug|Any CPU
		{026D277D-2673-4347-A3BC-43C9EFB9288F}.Release|Any CPU.ActiveCfg = Release|Any CPU
		{026D277D-2673-4347-A3BC-43C9EFB9288F}.Release|Any CPU.Build.0 = Release|Any CPU
	EndGlobalSection
	GlobalSection(SolutionProperties) = preSolution
		HideSolutionNode = FALSE
	EndGlobalSection
	GlobalSection(ExtensibilityGlobals) = postSolution
		SolutionGuid = {61C1E42B-A4C4-45F3-A7CA-DE5C72A2E46C}
	EndGlobalSection
EndGlobal
